
Microsoft Visual Studio Solution File, Format Version 12.00
# Visual Studio Version 17
VisualStudioVersion = 17.5.33414.496
MinimumVisualStudioVersion = 10.0.40219.1
Project("{FAE04EC0-301F-11D3-BF4B-00C04F79EFBC}") = "registration-api", "registration-api\registration-api.csproj", "{08E0F344-62DA-446D-94D2-BAB2060DCFF8}"
EndProject
Global
	GlobalSection(SolutionConfigurationPlatforms) = preSolution
		Debug|Any CPU = Debug|Any CPU
		Release|Any CPU = Release|Any CPU
	EndGlobalSection
	GlobalSection(ProjectConfigurationPlatforms) = postSolution
		{08E0F344-62DA-446D-94D2-BAB2060DCFF8}.Debug|Any CPU.ActiveCfg = Debug|Any CPU
		{08E0F344-62DA-446D-94D2-BAB2060DCFF8}.Debug|Any CPU.Build.0 = Debug|Any CPU
		{08E0F344-62DA-446D-94D2-BAB2060DCFF8}.Release|Any CPU.ActiveCfg = Release|Any CPU
		{08E0F344-62DA-446D-94D2-BAB2060DCFF8}.Release|Any CPU.Build.0 = Release|Any CPU
	EndGlobalSection
	GlobalSection(SolutionProperties) = preSolution
		HideSolutionNode = FALSE
	EndGlobalSection
	GlobalSection(ExtensibilityGlobals) = postSolution
		SolutionGuid = {5D8A6C5E-E26B-4707-927E-0DFF2C8CB767}
	EndGlobalSection
EndGlobal
